
Microsoft Visual Studio Solution File, Format Version 12.00
# Visual Studio Version 17
VisualStudioVersion = 17.13.35818.85 d17.13
MinimumVisualStudioVersion = 10.0.40219.1
Project("{E24C65DC-7377-472B-9ABA-BC803B73C61A}") = "appikProject", ".", "{061031BB-9834-C655-C8A3-7D21E115C5C3}"
	ProjectSection(WebsiteProperties) = preProject
		TargetFrameworkMoniker = ".NETFramework,Version%3Dv4.0"
		Debug.AspNetCompiler.VirtualPath = "/localhost_50055"
		Debug.AspNetCompiler.PhysicalPath = "D:\HocLapTrinh\Font-end\appikProject\"
		Debug.AspNetCompiler.TargetPath = "PrecompiledWeb\localhost_50055\"
		Debug.AspNetCompiler.Updateable = "true"
		Debug.AspNetCompiler.ForceOverwrite = "true"
		Debug.AspNetCompiler.FixedNames = "false"
		Debug.AspNetCompiler.Debug = "True"
		Release.AspNetCompiler.VirtualPath = "/localhost_50055"
		Release.AspNetCompiler.PhysicalPath = "D:\HocLapTrinh\Font-end\appikProject\"
		Release.AspNetCompiler.TargetPath = "PrecompiledWeb\localhost_50055\"
		Release.AspNetCompiler.Updateable = "true"
		Release.AspNetCompiler.ForceOverwrite = "true"
		Release.AspNetCompiler.FixedNames = "false"
		Release.AspNetCompiler.Debug = "False"
		VWDPort = "50055"
	EndProjectSection
EndProject
Global
	GlobalSection(SolutionConfigurationPlatforms) = preSolution
		Debug|Any CPU = Debug|Any CPU
	EndGlobalSection
	GlobalSection(ProjectConfigurationPlatforms) = postSolution
		{061031BB-9834-C655-C8A3-7D21E115C5C3}.Debug|Any CPU.ActiveCfg = Debug|Any CPU
		{061031BB-9834-C655-C8A3-7D21E115C5C3}.Debug|Any CPU.Build.0 = Debug|Any CPU
	EndGlobalSection
	GlobalSection(SolutionProperties) = preSolution
		HideSolutionNode = FALSE
	EndGlobalSection
	GlobalSection(ExtensibilityGlobals) = postSolution
		SolutionGuid = {875CE7A1-9C63-4FBB-9220-65CEE4EC6CC9}
	EndGlobalSection
EndGlobal
